// !$*UTF8*$!
{
	archiveVersion = 1;
	classes = {
	};
	objectVersion = 56;
	objects = {

/* Begin PBXBuildFile section */
		3F36C8622B71BE46008BE56B /* AppDelegate.swift in Sources */ = {isa = PBXBuildFile; fileRef = 3F36C8612B71BE46008BE56B /* AppDelegate.swift */; };
		3F36C8642B71BE46008BE56B /* SceneDelegate.swift in Sources */ = {isa = PBXBuildFile; fileRef = 3F36C8632B71BE46008BE56B /* SceneDelegate.swift */; };
		3F36C8662B71BE46008BE56B /* ViewController.swift in Sources */ = {isa = PBXBuildFile; fileRef = 3F36C8652B71BE46008BE56B /* ViewController.swift */; };
		3F36C8692B71BE46008BE56B /* Main.storyboard in Resources */ = {isa = PBXBuildFile; fileRef = 3F36C8672B71BE46008BE56B /* Main.storyboard */; };
		3F36C86B2B71BE48008BE56B /* Assets.xcassets in Resources */ = {isa = PBXBuildFile; fileRef = 3F36C86A2B71BE48008BE56B /* Assets.xcassets */; };
		3F36C86E2B71BE48008BE56B /* LaunchScreen.storyboard in Resources */ = {isa = PBXBuildFile; fileRef = 3F36C86C2B71BE48008BE56B /* LaunchScreen.storyboard */; };
		3F36C8792B71BE49008BE56B /* ClaculatorTests.swift in Sources */ = {isa = PBXBuildFile; fileRef = 3F36C8782B71BE49008BE56B /* ClaculatorTests.swift */; };
		3F36C8832B71BE49008BE56B /* ClaculatorUITests.swift in Sources */ = {isa = PBXBuildFile; fileRef = 3F36C8822B71BE49008BE56B /* ClaculatorUITests.swift */; };
		3F36C8852B71BE49008BE56B /* ClaculatorUITestsLaunchTests.swift in Sources */ = {isa = PBXBuildFile; fileRef = 3F36C8842B71BE49008BE56B /* ClaculatorUITestsLaunchTests.swift */; };
/* End PBXBuildFile section */

/* Begin PBXContainerItemProxy section */
		3F36C8752B71BE49008BE56B /* PBXContainerItemProxy */ = {
			isa = PBXContainerItemProxy;
			containerPortal = 3F36C8562B71BE46008BE56B /* Project object */;
			proxyType = 1;
			remoteGlobalIDString = 3F36C85D2B71BE46008BE56B;
			remoteInfo = Claculator;
		};
		3F36C87F2B71BE49008BE56B /* PBXContainerItemProxy */ = {
			isa = PBXContainerItemProxy;
			containerPortal = 3F36C8562B71BE46008BE56B /* Project object */;
			proxyType = 1;
			remoteGlobalIDString = 3F36C85D2B71BE46008BE56B;
			remoteInfo = Claculator;
		};
/* End PBXContainerItemProxy section */

/* Begin PBXFileReference section */
		3F36C85E2B71BE46008BE56B /* Claculator.app */ = {isa = PBXFileReference; explicitFileType = wrapper.application; includeInIndex = 0; path = Claculator.app; sourceTree = BUILT_PRODUCTS_DIR; };
		3F36C8612B71BE46008BE56B /* AppDelegate.swift */ = {isa = PBXFileReference; lastKnownFileType = sourcecode.swift; path = AppDelegate.swift; sourceTree = "<group>"; };
		3F36C8632B71BE46008BE56B /* SceneDelegate.swift */ = {isa = PBXFileReference; lastKnownFileType = sourcecode.swift; path = SceneDelegate.swift; sourceTree = "<group>"; };
		3F36C8652B71BE46008BE56B /* ViewController.swift */ = {isa = PBXFileReference; lastKnownFileType = sourcecode.swift; path = ViewController.swift; sourceTree = "<group>"; };
		3F36C8682B71BE46008BE56B /* Base */ = {isa = PBXFileReference; lastKnownFileType = file.storyboard; name = Base; path = Base.lproj/Main.storyboard; sourceTree = "<group>"; };
		3F36C86A2B71BE48008BE56B /* Assets.xcassets */ = {isa = PBXFileReference; lastKnownFileType = folder.assetcatalog; path = Assets.xcassets; sourceTree = "<group>"; };
		3F36C86D2B71BE48008BE56B /* Base */ = {isa = PBXFileReference; lastKnownFileType = file.storyboard; name = Base; path = Base.lproj/LaunchScreen.storyboard; sourceTree = "<group>"; };
		3F36C86F2B71BE48008BE56B /* Info.plist */ = {isa = PBXFileReference; lastKnownFileType = text.plist.xml; path = Info.plist; sourceTree = "<group>"; };
		3F36C8742B71BE49008BE56B /* ClaculatorTests.xctest */ = {isa = PBXFileReference; explicitFileType = wrapper.cfbundle; includeInIndex = 0; path = ClaculatorTests.xctest; sourceTree = BUILT_PRODUCTS_DIR; };
		3F36C8782B71BE49008BE56B /* ClaculatorTests.swift */ = {isa = PBXFileReference; lastKnownFileType = sourcecode.swift; path = ClaculatorTests.swift; sourceTree = "<group>"; };
		3F36C87E2B71BE49008BE56B /* ClaculatorUITests.xctest */ = {isa = PBXFileReference; explicitFileType = wrapper.cfbundle; includeInIndex = 0; path = ClaculatorUITests.xctest; sourceTree = BUILT_PRODUCTS_DIR; };
		3F36C8822B71BE49008BE56B /* ClaculatorUITests.swift */ = {isa = PBXFileReference; lastKnownFileType = sourcecode.swift; path = ClaculatorUITests.swift; sourceTree = "<group>"; };
		3F36C8842B71BE49008BE56B /* ClaculatorUITestsLaunchTests.swift */ = {isa = PBXFileReference; lastKnownFileType = sourcecode.swift; path = ClaculatorUITestsLaunchTests.swift; sourceTree = "<group>"; };
/* End PBXFileReference section */

/* Begin PBXFrameworksBuildPhase section */
		3F36C85B2B71BE46008BE56B /* Frameworks */ = {
			isa = PBXFrameworksBuildPhase;
			buildActionMask = 2147483647;
			files = (
			);
			runOnlyForDeploymentPostprocessing = 0;
		};
		3F36C8712B71BE49008BE56B /* Frameworks */ = {
			isa = PBXFrameworksBuildPhase;
			buildActionMask = 2147483647;
			files = (
			);
			runOnlyForDeploymentPostprocessing = 0;
		};
		3F36C87B2B71BE49008BE56B /* Frameworks */ = {
			isa = PBXFrameworksBuildPhase;
			buildActionMask = 2147483647;
			files = (
			);
			runOnlyForDeploymentPostprocessing = 0;
		};
/* End PBXFrameworksBuildPhase section */

/* Begin PBXGroup section */
		3F36C8552B71BE46008BE56B = {
			isa = PBXGroup;
			children = (
				3F36C8602B71BE46008BE56B /* Claculator */,
				3F36C8772B71BE49008BE56B /* ClaculatorTests */,
				3F36C8812B71BE49008BE56B /* ClaculatorUITests */,
				3F36C85F2B71BE46008BE56B /* Products */,
			);
			sourceTree = "<group>";
		};
		3F36C85F2B71BE46008BE56B /* Products */ = {
			isa = PBXGroup;
			children = (
				3F36C85E2B71BE46008BE56B /* Claculator.app */,
				3F36C8742B71BE49008BE56B /* ClaculatorTests.xctest */,
				3F36C87E2B71BE49008BE56B /* ClaculatorUITests.xctest */,
			);
			name = Products;
			sourceTree = "<group>";
		};
		3F36C8602B71BE46008BE56B /* Claculator */ = {
			isa = PBXGroup;
			children = (
				3F36C8612B71BE46008BE56B /* AppDelegate.swift */,
				3F36C8632B71BE46008BE56B /* SceneDelegate.swift */,
				3F36C8652B71BE46008BE56B /* ViewController.swift */,
				3F36C8672B71BE46008BE56B /* Main.storyboard */,
				3F36C86A2B71BE48008BE56B /* Assets.xcassets */,
				3F36C86C2B71BE48008BE56B /* LaunchScreen.storyboard */,
				3F36C86F2B71BE48008BE56B /* Info.plist */,
			);
			path = Claculator;
			sourceTree = "<group>";
		};
		3F36C8772B71BE49008BE56B /* ClaculatorTests */ = {
			isa = PBXGroup;
			children = (
				3F36C8782B71BE49008BE56B /* ClaculatorTests.swift */,
			);
			path = ClaculatorTests;
			sourceTree = "<group>";
		};
		3F36C8812B71BE49008BE56B /* ClaculatorUITests */ = {
			isa = PBXGroup;
			children = (
				3F36C8822B71BE49008BE56B /* ClaculatorUITests.swift */,
				3F36C8842B71BE49008BE56B /* ClaculatorUITestsLaunchTests.swift */,
			);
			path = ClaculatorUITests;
			sourceTree = "<group>";
		};
/* End PBXGroup section */

/* Begin PBXNativeTarget section */
		3F36C85D2B71BE46008BE56B /* Claculator */ = {
			isa = PBXNativeTarget;
			buildConfigurationList = 3F36C8882B71BE49008BE56B /* Build configuration list for PBXNativeTarget "Claculator" */;
			buildPhases = (
				3F36C85A2B71BE46008BE56B /* Sources */,
				3F36C85B2B71BE46008BE56B /* Frameworks */,
				3F36C85C2B71BE46008BE56B /* Resources */,
			);
			buildRules = (
			);
			dependencies = (
			);
			name = Claculator;
			productName = Claculator;
			productReference = 3F36C85E2B71BE46008BE56B /* Claculator.app */;
			productType = "com.apple.product-type.application";
		};
		3F36C8732B71BE49008BE56B /* ClaculatorTests */ = {
			isa = PBXNativeTarget;
			buildConfigurationList = 3F36C88B2B71BE49008BE56B /* Build configuration list for PBXNativeTarget "ClaculatorTests" */;
			buildPhases = (
				3F36C8702B71BE49008BE56B /* Sources */,
				3F36C8712B71BE49008BE56B /* Frameworks */,
				3F36C8722B71BE49008BE56B /* Resources */,
			);
			buildRules = (
			);
			dependencies = (
				3F36C8762B71BE49008BE56B /* PBXTargetDependency */,
			);
			name = ClaculatorTests;
			productName = ClaculatorTests;
			productReference = 3F36C8742B71BE49008BE56B /* ClaculatorTests.xctest */;
			productType = "com.apple.product-type.bundle.unit-test";
		};
		3F36C87D2B71BE49008BE56B /* ClaculatorUITests */ = {
			isa = PBXNativeTarget;
			buildConfigurationList = 3F36C88E2B71BE49008BE56B /* Build configuration list for PBXNativeTarget "ClaculatorUITests" */;
			buildPhases = (
				3F36C87A2B71BE49008BE56B /* Sources */,
				3F36C87B2B71BE49008BE56B /* Frameworks */,
				3F36C87C2B71BE49008BE56B /* Resources */,
			);
			buildRules = (
			);
			dependencies = (
				3F36C8802B71BE49008BE56B /* PBXTargetDependency */,
			);
			name = ClaculatorUITests;
			productName = ClaculatorUITests;
			productReference = 3F36C87E2B71BE49008BE56B /* ClaculatorUITests.xctest */;
			productType = "com.apple.product-type.bundle.ui-testing";
		};
/* End PBXNativeTarget section */

/* Begin PBXProject section */
		3F36C8562B71BE46008BE56B /* Project object */ = {
			isa = PBXProject;
			attributes = {
				BuildIndependentTargetsInParallel = 1;
				LastSwiftUpdateCheck = 1520;
				LastUpgradeCheck = 1520;
				TargetAttributes = {
					3F36C85D2B71BE46008BE56B = {
						CreatedOnToolsVersion = 15.2;
					};
					3F36C8732B71BE49008BE56B = {
						CreatedOnToolsVersion = 15.2;
						TestTargetID = 3F36C85D2B71BE46008BE56B;
					};
					3F36C87D2B71BE49008BE56B = {
						CreatedOnToolsVersion = 15.2;
						TestTargetID = 3F36C85D2B71BE46008BE56B;
					};
				};
			};
			buildConfigurationList = 3F36C8592B71BE46008BE56B /* Build configuration list for PBXProject "Claculator" */;
			compatibilityVersion = "Xcode 14.0";
			developmentRegion = en;
			hasScannedForEncodings = 0;
			knownRegions = (
				en,
				Base,
			);
			mainGroup = 3F36C8552B71BE46008BE56B;
			productRefGroup = 3F36C85F2B71BE46008BE56B /* Products */;
			projectDirPath = "";
			projectRoot = "";
			targets = (
				3F36C85D2B71BE46008BE56B /* Claculator */,
				3F36C8732B71BE49008BE56B /* ClaculatorTests */,
				3F36C87D2B71BE49008BE56B /* ClaculatorUITests */,
			);
		};
/* End PBXProject section */

/* Begin PBXResourcesBuildPhase section */
		3F36C85C2B71BE46008BE56B /* Resources */ = {
			isa = PBXResourcesBuildPhase;
			buildActionMask = 2147483647;
			files = (
				3F36C86E2B71BE48008BE56B /* LaunchScreen.storyboard in Resources */,
				3F36C86B2B71BE48008BE56B /* Assets.xcassets in Resources */,
				3F36C8692B71BE46008BE56B /* Main.storyboard in Resources */,
			);
			runOnlyForDeploymentPostprocessing = 0;
		};
		3F36C8722B71BE49008BE56B /* Resources */ = {
			isa = PBXResourcesBuildPhase;
			buildActionMask = 2147483647;
			files = (
			);
			runOnlyForDeploymentPostprocessing = 0;
		};
		3F36C87C2B71BE49008BE56B /* Resources */ = {
			isa = PBXResourcesBuildPhase;
			buildActionMask = 2147483647;
			files = (
			);
			runOnlyForDeploymentPostprocessing = 0;
		};
/* End PBXResourcesBuildPhase section */

/* Begin PBXSourcesBuildPhase section */
		3F36C85A2B71BE46008BE56B /* Sources */ = {
			isa = PBXSourcesBuildPhase;
			buildActionMask = 2147483647;
			files = (
				3F36C8662B71BE46008BE56B /* ViewController.swift in Sources */,
				3F36C8622B71BE46008BE56B /* AppDelegate.swift in Sources */,
				3F36C8642B71BE46008BE56B /* SceneDelegate.swift in Sources */,
			);
			runOnlyForDeploymentPostprocessing = 0;
		};
		3F36C8702B71BE49008BE56B /* Sources */ = {
			isa = PBXSourcesBuildPhase;
			buildActionMask = 2147483647;
			files = (
				3F36C8792B71BE49008BE56B /* ClaculatorTests.swift in Sources */,
			);
			runOnlyForDeploymentPostprocessing = 0;
		};
		3F36C87A2B71BE49008BE56B /* Sources */ = {
			isa = PBXSourcesBuildPhase;
			buildActionMask = 2147483647;
			files = (
				3F36C8852B71BE49008BE56B /* ClaculatorUITestsLaunchTests.swift in Sources */,
				3F36C8832B71BE49008BE56B /* ClaculatorUITests.swift in Sources */,
			);
			runOnlyForDeploymentPostprocessing = 0;
		};
/* End PBXSourcesBuildPhase section */

/* Begin PBXTargetDependency section */
		3F36C8762B71BE49008BE56B /* PBXTargetDependency */ = {
			isa = PBXTargetDependency;
			target = 3F36C85D2B71BE46008BE56B /* Claculator */;
			targetProxy = 3F36C8752B71BE49008BE56B /* PBXContainerItemProxy */;
		};
		3F36C8802B71BE49008BE56B /* PBXTargetDependency */ = {
			isa = PBXTargetDependency;
			target = 3F36C85D2B71BE46008BE56B /* Claculator */;
			targetProxy = 3F36C87F2B71BE49008BE56B /* PBXContainerItemProxy */;
		};
/* End PBXTargetDependency section */

/* Begin PBXVariantGroup section */
		3F36C8672B71BE46008BE56B /* Main.storyboard */ = {
			isa = PBXVariantGroup;
			children = (
				3F36C8682B71BE46008BE56B /* Base */,
			);
			name = Main.storyboard;
			sourceTree = "<group>";
		};
		3F36C86C2B71BE48008BE56B /* LaunchScreen.storyboard */ = {
			isa = PBXVariantGroup;
			children = (
				3F36C86D2B71BE48008BE56B /* Base */,
			);
			name = LaunchScreen.storyboard;
			sourceTree = "<group>";
		};
/* End PBXVariantGroup section */

/* Begin XCBuildConfiguration section */
		3F36C8862B71BE49008BE56B /* Debug */ = {
			isa = XCBuildConfiguration;
			buildSettings = {
				ALWAYS_SEARCH_USER_PATHS = NO;
				ASSETCATALOG_COMPILER_GENERATE_SWIFT_ASSET_SYMBOL_EXTENSIONS = YES;
				CLANG_ANALYZER_NONNULL = YES;
				CLANG_ANALYZER_NUMBER_OBJECT_CONVERSION = YES_AGGRESSIVE;
				CLANG_CXX_LANGUAGE_STANDARD = "gnu++20";
				CLANG_ENABLE_MODULES = YES;
				CLANG_ENABLE_OBJC_ARC = YES;
				CLANG_ENABLE_OBJC_WEAK = YES;
				CLANG_WARN_BLOCK_CAPTURE_AUTORELEASING = YES;
				CLANG_WARN_BOOL_CONVERSION = YES;
				CLANG_WARN_COMMA = YES;
				CLANG_WARN_CONSTANT_CONVERSION = YES;
				CLANG_WARN_DEPRECATED_OBJC_IMPLEMENTATIONS = YES;
				CLANG_WARN_DIRECT_OBJC_ISA_USAGE = YES_ERROR;
				CLANG_WARN_DOCUMENTATION_COMMENTS = YES;
				CLANG_WARN_EMPTY_BODY = YES;
				CLANG_WARN_ENUM_CONVERSION = YES;
				CLANG_WARN_INFINITE_RECURSION = YES;
				CLANG_WARN_INT_CONVERSION = YES;
				CLANG_WARN_NON_LITERAL_NULL_CONVERSION = YES;
				CLANG_WARN_OBJC_IMPLICIT_RETAIN_SELF = YES;
				CLANG_WARN_OBJC_LITERAL_CONVERSION = YES;
				CLANG_WARN_OBJC_ROOT_CLASS = YES_ERROR;
				CLANG_WARN_QUOTED_INCLUDE_IN_FRAMEWORK_HEADER = YES;
				CLANG_WARN_RANGE_LOOP_ANALYSIS = YES;
				CLANG_WARN_STRICT_PROTOTYPES = YES;
				CLANG_WARN_SUSPICIOUS_MOVE = YES;
				CLANG_WARN_UNGUARDED_AVAILABILITY = YES_AGGRESSIVE;
				CLANG_WARN_UNREACHABLE_CODE = YES;
				CLANG_WARN__DUPLICATE_METHOD_MATCH = YES;
				COPY_PHASE_STRIP = NO;
				DEBUG_INFORMATION_FORMAT = dwarf;
				ENABLE_STRICT_OBJC_MSGSEND = YES;
				ENABLE_TESTABILITY = YES;
				ENABLE_USER_SCRIPT_SANDBOXING = YES;
				GCC_C_LANGUAGE_STANDARD = gnu17;
				GCC_DYNAMIC_NO_PIC = NO;
				GCC_NO_COMMON_BLOCKS = YES;
				GCC_OPTIMIZATION_LEVEL = 0;
				GCC_PREPROCESSOR_DEFINITIONS = (
					"DEBUG=1",
					"$(inherited)",
				);
				GCC_WARN_64_TO_32_BIT_CONVERSION = YES;
				GCC_WARN_ABOUT_RETURN_TYPE = YES_ERROR;
				GCC_WARN_UNDECLARED_SELECTOR = YES;
				GCC_WARN_UNINITIALIZED_AUTOS = YES_AGGRESSIVE;
				GCC_WARN_UNUSED_FUNCTION = YES;
				GCC_WARN_UNUSED_VARIABLE = YES;
				IPHONEOS_DEPLOYMENT_TARGET = 17.2;
				LOCALIZATION_PREFERS_STRING_CATALOGS = YES;
				MTL_ENABLE_DEBUG_INFO = INCLUDE_SOURCE;
				MTL_FAST_MATH = YES;
				ONLY_ACTIVE_ARCH = YES;
				SDKROOT = iphoneos;
				SWIFT_ACTIVE_COMPILATION_CONDITIONS = "DEBUG $(inherited)";
				SWIFT_OPTIMIZATION_LEVEL = "-Onone";
			};
			name = Debug;
		};
		3F36C8872B71BE49008BE56B /* Release */ = {
			isa = XCBuildConfiguration;
			buildSettings = {
				ALWAYS_SEARCH_USER_PATHS = NO;
				ASSETCATALOG_COMPILER_GENERATE_SWIFT_ASSET_SYMBOL_EXTENSIONS = YES;
				CLANG_ANALYZER_NONNULL = YES;
				CLANG_ANALYZER_NUMBER_OBJECT_CONVERSION = YES_AGGRESSIVE;
				CLANG_CXX_LANGUAGE_STANDARD = "gnu++20";
				CLANG_ENABLE_MODULES = YES;
				CLANG_ENABLE_OBJC_ARC = YES;
				CLANG_ENABLE_OBJC_WEAK = YES;
				CLANG_WARN_BLOCK_CAPTURE_AUTORELEASING = YES;
				CLANG_WARN_BOOL_CONVERSION = YES;
				CLANG_WARN_COMMA = YES;
				CLANG_WARN_CONSTANT_CONVERSION = YES;
				CLANG_WARN_DEPRECATED_OBJC_IMPLEMENTATIONS = YES;
				CLANG_WARN_DIRECT_OBJC_ISA_USAGE = YES_ERROR;
				CLANG_WARN_DOCUMENTATION_COMMENTS = YES;
				CLANG_WARN_EMPTY_BODY = YES;
				CLANG_WARN_ENUM_CONVERSION = YES;
				CLANG_WARN_INFINITE_RECURSION = YES;
				CLANG_WARN_INT_CONVERSION = YES;
				CLANG_WARN_NON_LITERAL_NULL_CONVERSION = YES;
				CLANG_WARN_OBJC_IMPLICIT_RETAIN_SELF = YES;
				CLANG_WARN_OBJC_LITERAL_CONVERSION = YES;
				CLANG_WARN_OBJC_ROOT_CLASS = YES_ERROR;
				CLANG_WARN_QUOTED_INCLUDE_IN_FRAMEWORK_HEADER = YES;
				CLANG_WARN_RANGE_LOOP_ANALYSIS = YES;
				CLANG_WARN_STRICT_PROTOTYPES = YES;
				CLANG_WARN_SUSPICIOUS_MOVE = YES;
				CLANG_WARN_UNGUARDED_AVAILABILITY = YES_AGGRESSIVE;
				CLANG_WARN_UNREACHABLE_CODE = YES;
				CLANG_WARN__DUPLICATE_METHOD_MATCH = YES;
				COPY_PHASE_STRIP = NO;
				DEBUG_INFORMATION_FORMAT = "dwarf-with-dsym";
				ENABLE_NS_ASSERTIONS = NO;
				ENABLE_STRICT_OBJC_MSGSEND = YES;
				ENABLE_USER_SCRIPT_SANDBOXING = YES;
				GCC_C_LANGUAGE_STANDARD = gnu17;
				GCC_NO_COMMON_BLOCKS = YES;
				GCC_WARN_64_TO_32_BIT_CONVERSION = YES;
				GCC_WARN_ABOUT_RETURN_TYPE = YES_ERROR;
				GCC_WARN_UNDECLARED_SELECTOR = YES;
				GCC_WARN_UNINITIALIZED_AUTOS = YES_AGGRESSIVE;
				GCC_WARN_UNUSED_FUNCTION = YES;
				GCC_WARN_UNUSED_VARIABLE = YES;
				IPHONEOS_DEPLOYMENT_TARGET = 17.2;
				LOCALIZATION_PREFERS_STRING_CATALOGS = YES;
				MTL_ENABLE_DEBUG_INFO = NO;
				MTL_FAST_MATH = YES;
				SDKROOT = iphoneos;
				SWIFT_COMPILATION_MODE = wholemodule;
				VALIDATE_PRODUCT = YES;
			};
			name = Release;
		};
		3F36C8892B71BE49008BE56B /* Debug */ = {
			isa = XCBuildConfiguration;
			buildSettings = {
				ASSETCATALOG_COMPILER_APPICON_NAME = AppIcon;
				ASSETCATALOG_COMPILER_GLOBAL_ACCENT_COLOR_NAME = AccentColor;
				CODE_SIGN_STYLE = Automatic;
				CURRENT_PROJECT_VERSION = 1;
				GENERATE_INFOPLIST_FILE = YES;
				INFOPLIST_FILE = Claculator/Info.plist;
				INFOPLIST_KEY_UIApplicationSupportsIndirectInputEvents = YES;
				INFOPLIST_KEY_UILaunchStoryboardName = LaunchScreen;
				INFOPLIST_KEY_UIMainStoryboardFile = Main;
				INFOPLIST_KEY_UISupportedInterfaceOrientations_iPad = "UIInterfaceOrientationPortrait UIInterfaceOrientationPortraitUpsideDown UIInterfaceOrientationLandscapeLeft UIInterfaceOrientationLandscapeRight";
				INFOPLIST_KEY_UISupportedInterfaceOrientations_iPhone = "UIInterfaceOrientationPortrait UIInterfaceOrientationLandscapeLeft UIInterfaceOrientationLandscapeRight";
				LD_RUNPATH_SEARCH_PATHS = (
					"$(inherited)",
					"@executable_path/Frameworks",
				);
				MARKETING_VERSION = 1.0;
				PRODUCT_BUNDLE_IDENTIFIER = "--2.Claculator";
				PRODUCT_NAME = "$(TARGET_NAME)";
				SWIFT_EMIT_LOC_STRINGS = YES;
				SWIFT_VERSION = 5.0;
				TARGETED_DEVICE_FAMILY = "1,2";
			};
			name = Debug;
		};
		3F36C88A2B71BE49008BE56B /* Release */ = {
			isa = XCBuildConfiguration;
			buildSettings = {
				ASSETCATALOG_COMPILER_APPICON_NAME = AppIcon;
				ASSETCATALOG_COMPILER_GLOBAL_ACCENT_COLOR_NAME = AccentColor;
				CODE_SIGN_STYLE = Automatic;
				CURRENT_PROJECT_VERSION = 1;
				GENERATE_INFOPLIST_FILE = YES;
				INFOPLIST_FILE = Claculator/Info.plist;
				INFOPLIST_KEY_UIApplicationSupportsIndirectInputEvents = YES;
				INFOPLIST_KEY_UILaunchStoryboardName = LaunchScreen;
				INFOPLIST_KEY_UIMainStoryboardFile = Main;
				INFOPLIST_KEY_UISupportedInterfaceOrientations_iPad = "UIInterfaceOrientationPortrait UIInterfaceOrientationPortraitUpsideDown UIInterfaceOrientationLandscapeLeft UIInterfaceOrientationLandscapeRight";
				INFOPLIST_KEY_UISupportedInterfaceOrientations_iPhone = "UIInterfaceOrientationPortrait UIInterfaceOrientationLandscapeLeft UIInterfaceOrientationLandscapeRight";
				LD_RUNPATH_SEARCH_PATHS = (
					"$(inherited)",
					"@executable_path/Frameworks",
				);
				MARKETING_VERSION = 1.0;
				PRODUCT_BUNDLE_IDENTIFIER = "--2.Claculator";
				PRODUCT_NAME = "$(TARGET_NAME)";
				SWIFT_EMIT_LOC_STRINGS = YES;
				SWIFT_VERSION = 5.0;
				TARGETED_DEVICE_FAMILY = "1,2";
			};
			name = Release;
		};
		3F36C88C2B71BE49008BE56B /* Debug */ = {
			isa = XCBuildConfiguration;
			buildSettings = {
				ALWAYS_EMBED_SWIFT_STANDARD_LIBRARIES = YES;
				BUNDLE_LOADER = "$(TEST_HOST)";
				CODE_SIGN_STYLE = Automatic;
				CURRENT_PROJECT_VERSION = 1;
				GENERATE_INFOPLIST_FILE = YES;
				IPHONEOS_DEPLOYMENT_TARGET = 17.2;
				MARKETING_VERSION = 1.0;
				PRODUCT_BUNDLE_IDENTIFIER = "--2.ClaculatorTests";
				PRODUCT_NAME = "$(TARGET_NAME)";
				SWIFT_EMIT_LOC_STRINGS = NO;
				SWIFT_VERSION = 5.0;
				TARGETED_DEVICE_FAMILY = "1,2";
				TEST_HOST = "$(BUILT_PRODUCTS_DIR)/Claculator.app/$(BUNDLE_EXECUTABLE_FOLDER_PATH)/Claculator";
			};
			name = Debug;
		};
		3F36C88D2B71BE49008BE56B /* Release */ = {
			isa = XCBuildConfiguration;
			buildSettings = {
				ALWAYS_EMBED_SWIFT_STANDARD_LIBRARIES = YES;
				BUNDLE_LOADER = "$(TEST_HOST)";
				CODE_SIGN_STYLE = Automatic;
				CURRENT_PROJECT_VERSION = 1;
				GENERATE_INFOPLIST_FILE = YES;
				IPHONEOS_DEPLOYMENT_TARGET = 17.2;
				MARKETING_VERSION = 1.0;
				PRODUCT_BUNDLE_IDENTIFIER = "--2.ClaculatorTests";
				PRODUCT_NAME = "$(TARGET_NAME)";
				SWIFT_EMIT_LOC_STRINGS = NO;
				SWIFT_VERSION = 5.0;
				TARGETED_DEVICE_FAMILY = "1,2";
				TEST_HOST = "$(BUILT_PRODUCTS_DIR)/Claculator.app/$(BUNDLE_EXECUTABLE_FOLDER_PATH)/Claculator";
			};
			name = Release;
		};
		3F36C88F2B71BE49008BE56B /* Debug */ = {
			isa = XCBuildConfiguration;
			buildSettings = {
				ALWAYS_EMBED_SWIFT_STANDARD_LIBRARIES = YES;
				CODE_SIGN_STYLE = Automatic;
				CURRENT_PROJECT_VERSION = 1;
				GENERATE_INFOPLIST_FILE = YES;
				MARKETING_VERSION = 1.0;
				PRODUCT_BUNDLE_IDENTIFIER = "--2.ClaculatorUITests";
				PRODUCT_NAME = "$(TARGET_NAME)";
				SWIFT_EMIT_LOC_STRINGS = NO;
				SWIFT_VERSION = 5.0;
				TARGETED_DEVICE_FAMILY = "1,2";
				TEST_TARGET_NAME = Claculator;
			};
			name = Debug;
		};
		3F36C8902B71BE49008BE56B /* Release */ = {
			isa = XCBuildConfiguration;
			buildSettings = {
				ALWAYS_EMBED_SWIFT_STANDARD_LIBRARIES = YES;
				CODE_SIGN_STYLE = Automatic;
				CURRENT_PROJECT_VERSION = 1;
				GENERATE_INFOPLIST_FILE = YES;
				MARKETING_VERSION = 1.0;
				PRODUCT_BUNDLE_IDENTIFIER = "--2.ClaculatorUITests";
				PRODUCT_NAME = "$(TARGET_NAME)";
				SWIFT_EMIT_LOC_STRINGS = NO;
				SWIFT_VERSION = 5.0;
				TARGETED_DEVICE_FAMILY = "1,2";
				TEST_TARGET_NAME = Claculator;
			};
			name = Release;
		};
/* End XCBuildConfiguration section */

/* Begin XCConfigurationList section */
		3F36C8592B71BE46008BE56B /* Build configuration list for PBXProject "Claculator" */ = {
			isa = XCConfigurationList;
			buildConfigurations = (
				3F36C8862B71BE49008BE56B /* Debug */,
				3F36C8872B71BE49008BE56B /* Release */,
			);
			defaultConfigurationIsVisible = 0;
			defaultConfigurationName = Release;
		};
		3F36C8882B71BE49008BE56B /* Build configuration list for PBXNativeTarget "Claculator" */ = {
			isa = XCConfigurationList;
			buildConfigurations = (
				3F36C8892B71BE49008BE56B /* Debug */,
				3F36C88A2B71BE49008BE56B /* Release */,
			);
			defaultConfigurationIsVisible = 0;
			defaultConfigurationName = Release;
		};
		3F36C88B2B71BE49008BE56B /* Build configuration list for PBXNativeTarget "ClaculatorTests" */ = {
			isa = XCConfigurationList;
			buildConfigurations = (
				3F36C88C2B71BE49008BE56B /* Debug */,
				3F36C88D2B71BE49008BE56B /* Release */,
			);
			defaultConfigurationIsVisible = 0;
			defaultConfigurationName = Release;
		};
		3F36C88E2B71BE49008BE56B /* Build configuration list for PBXNativeTarget "ClaculatorUITests" */ = {
			isa = XCConfigurationList;
			buildConfigurations = (
				3F36C88F2B71BE49008BE56B /* Debug */,
				3F36C8902B71BE49008BE56B /* Release */,
			);
			defaultConfigurationIsVisible = 0;
			defaultConfigurationName = Release;
		};
/* End XCConfigurationList section */
	};
	rootObject = 3F36C8562B71BE46008BE56B /* Project object */;
}
